// !$*UTF8*$!
{
	archiveVersion = 1;
	classes = {
	};
	objectVersion = 50;
	objects = {

/* Begin PBXBuildFile section */
		57FB0A60237DFC6500403123 /* AppDelegate.swift in Sources */ = {isa = PBXBuildFile; fileRef = 57FB0A5F237DFC6500403123 /* AppDelegate.swift */; };
		57FB0A62237DFC6500403123 /* ViewController.swift in Sources */ = {isa = PBXBuildFile; fileRef = 57FB0A61237DFC6500403123 /* ViewController.swift */; };
		57FB0A65237DFC6500403123 /* Main.storyboard in Resources */ = {isa = PBXBuildFile; fileRef = 57FB0A63237DFC6500403123 /* Main.storyboard */; };
		57FB0A67237DFC6600403123 /* Assets.xcassets in Resources */ = {isa = PBXBuildFile; fileRef = 57FB0A66237DFC6600403123 /* Assets.xcassets */; };
		57FB0A6A237DFC6600403123 /* LaunchScreen.storyboard in Resources */ = {isa = PBXBuildFile; fileRef = 57FB0A68237DFC6600403123 /* LaunchScreen.storyboard */; };
		57FB0A75237DFC6600403123 /* ApplePieTests.swift in Sources */ = {isa = PBXBuildFile; fileRef = 57FB0A74237DFC6600403123 /* ApplePieTests.swift */; };
		57FB0A80237DFC6600403123 /* ApplePieUITests.swift in Sources */ = {isa = PBXBuildFile; fileRef = 57FB0A7F237DFC6600403123 /* ApplePieUITests.swift */; };
		57FB0A8E237E026B00403123 /* Game.swift in Sources */ = {isa = PBXBuildFile; fileRef = 57FB0A8D237E026B00403123 /* Game.swift */; };
/* End PBXBuildFile section */

/* Begin PBXContainerItemProxy section */
		57FB0A71237DFC6600403123 /* PBXContainerItemProxy */ = {
			isa = PBXContainerItemProxy;
			containerPortal = 57FB0A54237DFC6500403123 /* Project object */;
			proxyType = 1;
			remoteGlobalIDString = 57FB0A5B237DFC6500403123;
			remoteInfo = ApplePie;
		};
		57FB0A7C237DFC6600403123 /* PBXContainerItemProxy */ = {
			isa = PBXContainerItemProxy;
			containerPortal = 57FB0A54237DFC6500403123 /* Project object */;
			proxyType = 1;
			remoteGlobalIDString = 57FB0A5B237DFC6500403123;
			remoteInfo = ApplePie;
		};
/* End PBXContainerItemProxy section */

/* Begin PBXFileReference section */
		57FB0A5C237DFC6500403123 /* ApplePie.app */ = {isa = PBXFileReference; explicitFileType = wrapper.application; includeInIndex = 0; path = ApplePie.app; sourceTree = BUILT_PRODUCTS_DIR; };
		57FB0A5F237DFC6500403123 /* AppDelegate.swift */ = {isa = PBXFileReference; lastKnownFileType = sourcecode.swift; path = AppDelegate.swift; sourceTree = "<group>"; };
		57FB0A61237DFC6500403123 /* ViewController.swift */ = {isa = PBXFileReference; lastKnownFileType = sourcecode.swift; path = ViewController.swift; sourceTree = "<group>"; };
		57FB0A64237DFC6500403123 /* Base */ = {isa = PBXFileReference; lastKnownFileType = file.storyboard; name = Base; path = Base.lproj/Main.storyboard; sourceTree = "<group>"; };
		57FB0A66237DFC6600403123 /* Assets.xcassets */ = {isa = PBXFileReference; lastKnownFileType = folder.assetcatalog; path = Assets.xcassets; sourceTree = "<group>"; };
		57FB0A69237DFC6600403123 /* Base */ = {isa = PBXFileReference; lastKnownFileType = file.storyboard; name = Base; path = Base.lproj/LaunchScreen.storyboard; sourceTree = "<group>"; };
		57FB0A6B237DFC6600403123 /* Info.plist */ = {isa = PBXFileReference; lastKnownFileType = text.plist.xml; path = Info.plist; sourceTree = "<group>"; };
		57FB0A70237DFC6600403123 /* ApplePieTests.xctest */ = {isa = PBXFileReference; explicitFileType = wrapper.cfbundle; includeInIndex = 0; path = ApplePieTests.xctest; sourceTree = BUILT_PRODUCTS_DIR; };
		57FB0A74237DFC6600403123 /* ApplePieTests.swift */ = {isa = PBXFileReference; lastKnownFileType = sourcecode.swift; path = ApplePieTests.swift; sourceTree = "<group>"; };
		57FB0A76237DFC6600403123 /* Info.plist */ = {isa = PBXFileReference; lastKnownFileType = text.plist.xml; path = Info.plist; sourceTree = "<group>"; };
		57FB0A7B237DFC6600403123 /* ApplePieUITests.xctest */ = {isa = PBXFileReference; explicitFileType = wrapper.cfbundle; includeInIndex = 0; path = ApplePieUITests.xctest; sourceTree = BUILT_PRODUCTS_DIR; };
		57FB0A7F237DFC6600403123 /* ApplePieUITests.swift */ = {isa = PBXFileReference; lastKnownFileType = sourcecode.swift; path = ApplePieUITests.swift; sourceTree = "<group>"; };
		57FB0A81237DFC6600403123 /* Info.plist */ = {isa = PBXFileReference; lastKnownFileType = text.plist.xml; path = Info.plist; sourceTree = "<group>"; };
		57FB0A8D237E026B00403123 /* Game.swift */ = {isa = PBXFileReference; lastKnownFileType = sourcecode.swift; path = Game.swift; sourceTree = "<group>"; };
/* End PBXFileReference section */

/* Begin PBXFrameworksBuildPhase section */
		57FB0A59237DFC6500403123 /* Frameworks */ = {
			isa = PBXFrameworksBuildPhase;
			buildActionMask = 2147483647;
			files = (
			);
			runOnlyForDeploymentPostprocessing = 0;
		};
		57FB0A6D237DFC6600403123 /* Frameworks */ = {
			isa = PBXFrameworksBuildPhase;
			buildActionMask = 2147483647;
			files = (
			);
			runOnlyForDeploymentPostprocessing = 0;
		};
		57FB0A78237DFC6600403123 /* Frameworks */ = {
			isa = PBXFrameworksBuildPhase;
			buildActionMask = 2147483647;
			files = (
			);
			runOnlyForDeploymentPostprocessing = 0;
		};
/* End PBXFrameworksBuildPhase section */

/* Begin PBXGroup section */
		57FB0A53237DFC6500403123 = {
			isa = PBXGroup;
			children = (
				57FB0A5E237DFC6500403123 /* ApplePie */,
				57FB0A73237DFC6600403123 /* ApplePieTests */,
				57FB0A7E237DFC6600403123 /* ApplePieUITests */,
				57FB0A5D237DFC6500403123 /* Products */,
			);
			sourceTree = "<group>";
		};
		57FB0A5D237DFC6500403123 /* Products */ = {
			isa = PBXGroup;
			children = (
				57FB0A5C237DFC6500403123 /* ApplePie.app */,
				57FB0A70237DFC6600403123 /* ApplePieTests.xctest */,
				57FB0A7B237DFC6600403123 /* ApplePieUITests.xctest */,
			);
			name = Products;
			sourceTree = "<group>";
		};
		57FB0A5E237DFC6500403123 /* ApplePie */ = {
			isa = PBXGroup;
			children = (
				57FB0A5F237DFC6500403123 /* AppDelegate.swift */,
				57FB0A61237DFC6500403123 /* ViewController.swift */,
				57FB0A63237DFC6500403123 /* Main.storyboard */,
				57FB0A8D237E026B00403123 /* Game.swift */,
				57FB0A66237DFC6600403123 /* Assets.xcassets */,
				57FB0A68237DFC6600403123 /* LaunchScreen.storyboard */,
				57FB0A6B237DFC6600403123 /* Info.plist */,
			);
			path = ApplePie;
			sourceTree = "<group>";
		};
		57FB0A73237DFC6600403123 /* ApplePieTests */ = {
			isa = PBXGroup;
			children = (
				57FB0A74237DFC6600403123 /* ApplePieTests.swift */,
				57FB0A76237DFC6600403123 /* Info.plist */,
			);
			path = ApplePieTests;
			sourceTree = "<group>";
		};
		57FB0A7E237DFC6600403123 /* ApplePieUITests */ = {
			isa = PBXGroup;
			children = (
				57FB0A7F237DFC6600403123 /* ApplePieUITests.swift */,
				57FB0A81237DFC6600403123 /* Info.plist */,
			);
			path = ApplePieUITests;
			sourceTree = "<group>";
		};
/* End PBXGroup section */

/* Begin PBXNativeTarget section */
		57FB0A5B237DFC6500403123 /* ApplePie */ = {
			isa = PBXNativeTarget;
			buildConfigurationList = 57FB0A84237DFC6600403123 /* Build configuration list for PBXNativeTarget "ApplePie" */;
			buildPhases = (
				57FB0A58237DFC6500403123 /* Sources */,
				57FB0A59237DFC6500403123 /* Frameworks */,
				57FB0A5A237DFC6500403123 /* Resources */,
			);
			buildRules = (
			);
			dependencies = (
			);
			name = ApplePie;
			productName = ApplePie;
			productReference = 57FB0A5C237DFC6500403123 /* ApplePie.app */;
			productType = "com.apple.product-type.application";
		};
		57FB0A6F237DFC6600403123 /* ApplePieTests */ = {
			isa = PBXNativeTarget;
			buildConfigurationList = 57FB0A87237DFC6600403123 /* Build configuration list for PBXNativeTarget "ApplePieTests" */;
			buildPhases = (
				57FB0A6C237DFC6600403123 /* Sources */,
				57FB0A6D237DFC6600403123 /* Frameworks */,
				57FB0A6E237DFC6600403123 /* Resources */,
			);
			buildRules = (
			);
			dependencies = (
				57FB0A72237DFC6600403123 /* PBXTargetDependency */,
			);
			name = ApplePieTests;
			productName = ApplePieTests;
			productReference = 57FB0A70237DFC6600403123 /* ApplePieTests.xctest */;
			productType = "com.apple.product-type.bundle.unit-test";
		};
		57FB0A7A237DFC6600403123 /* ApplePieUITests */ = {
			isa = PBXNativeTarget;
			buildConfigurationList = 57FB0A8A237DFC6600403123 /* Build configuration list for PBXNativeTarget "ApplePieUITests" */;
			buildPhases = (
				57FB0A77237DFC6600403123 /* Sources */,
				57FB0A78237DFC6600403123 /* Frameworks */,
				57FB0A79237DFC6600403123 /* Resources */,
			);
			buildRules = (
			);
			dependencies = (
				57FB0A7D237DFC6600403123 /* PBXTargetDependency */,
			);
			name = ApplePieUITests;
			productName = ApplePieUITests;
			productReference = 57FB0A7B237DFC6600403123 /* ApplePieUITests.xctest */;
			productType = "com.apple.product-type.bundle.ui-testing";
		};
/* End PBXNativeTarget section */

/* Begin PBXProject section */
		57FB0A54237DFC6500403123 /* Project object */ = {
			isa = PBXProject;
			attributes = {
				LastSwiftUpdateCheck = 1030;
				LastUpgradeCheck = 1030;
				ORGANIZATIONNAME = "Jun Chen";
				TargetAttributes = {
					57FB0A5B237DFC6500403123 = {
						CreatedOnToolsVersion = 10.3;
					};
					57FB0A6F237DFC6600403123 = {
						CreatedOnToolsVersion = 10.3;
						TestTargetID = 57FB0A5B237DFC6500403123;
					};
					57FB0A7A237DFC6600403123 = {
						CreatedOnToolsVersion = 10.3;
						TestTargetID = 57FB0A5B237DFC6500403123;
					};
				};
			};
			buildConfigurationList = 57FB0A57237DFC6500403123 /* Build configuration list for PBXProject "ApplePie" */;
			compatibilityVersion = "Xcode 9.3";
			developmentRegion = en;
			hasScannedForEncodings = 0;
			knownRegions = (
				en,
				Base,
			);
			mainGroup = 57FB0A53237DFC6500403123;
			productRefGroup = 57FB0A5D237DFC6500403123 /* Products */;
			projectDirPath = "";
			projectRoot = "";
			targets = (
				57FB0A5B237DFC6500403123 /* ApplePie */,
				57FB0A6F237DFC6600403123 /* ApplePieTests */,
				57FB0A7A237DFC6600403123 /* ApplePieUITests */,
			);
		};
/* End PBXProject section */

/* Begin PBXResourcesBuildPhase section */
		57FB0A5A237DFC6500403123 /* Resources */ = {
			isa = PBXResourcesBuildPhase;
			buildActionMask = 2147483647;
			files = (
				57FB0A6A237DFC6600403123 /* LaunchScreen.storyboard in Resources */,
				57FB0A67237DFC6600403123 /* Assets.xcassets in Resources */,
				57FB0A65237DFC6500403123 /* Main.storyboard in Resources */,
			);
			runOnlyForDeploymentPostprocessing = 0;
		};
		57FB0A6E237DFC6600403123 /* Resources */ = {
			isa = PBXResourcesBuildPhase;
			buildActionMask = 2147483647;
			files = (
			);
			runOnlyForDeploymentPostprocessing = 0;
		};
		57FB0A79237DFC6600403123 /* Resources */ = {
			isa = PBXResourcesBuildPhase;
			buildActionMask = 2147483647;
			files = (
			);
			runOnlyForDeploymentPostprocessing = 0;
		};
/* End PBXResourcesBuildPhase section */

/* Begin PBXSourcesBuildPhase section */
		57FB0A58237DFC6500403123 /* Sources */ = {
			isa = PBXSourcesBuildPhase;
			buildActionMask = 2147483647;
			files = (
				57FB0A62237DFC6500403123 /* ViewController.swift in Sources */,
				57FB0A8E237E026B00403123 /* Game.swift in Sources */,
				57FB0A60237DFC6500403123 /* AppDelegate.swift in Sources */,
			);
			runOnlyForDeploymentPostprocessing = 0;
		};
		57FB0A6C237DFC6600403123 /* Sources */ = {
			isa = PBXSourcesBuildPhase;
			buildActionMask = 2147483647;
			files = (
				57FB0A75237DFC6600403123 /* ApplePieTests.swift in Sources */,
			);
			runOnlyForDeploymentPostprocessing = 0;
		};
		57FB0A77237DFC6600403123 /* Sources */ = {
			isa = PBXSourcesBuildPhase;
			buildActionMask = 2147483647;
			files = (
				57FB0A80237DFC6600403123 /* ApplePieUITests.swift in Sources */,
			);
			runOnlyForDeploymentPostprocessing = 0;
		};
/* End PBXSourcesBuildPhase section */

/* Begin PBXTargetDependency section */
		57FB0A72237DFC6600403123 /* PBXTargetDependency */ = {
			isa = PBXTargetDependency;
			target = 57FB0A5B237DFC6500403123 /* ApplePie */;
			targetProxy = 57FB0A71237DFC6600403123 /* PBXContainerItemProxy */;
		};
		57FB0A7D237DFC6600403123 /* PBXTargetDependency */ = {
			isa = PBXTargetDependency;
			target = 57FB0A5B237DFC6500403123 /* ApplePie */;
			targetProxy = 57FB0A7C237DFC6600403123 /* PBXContainerItemProxy */;
		};
/* End PBXTargetDependency section */

/* Begin PBXVariantGroup section */
		57FB0A63237DFC6500403123 /* Main.storyboard */ = {
			isa = PBXVariantGroup;
			children = (
				57FB0A64237DFC6500403123 /* Base */,
			);
			name = Main.storyboard;
			sourceTree = "<group>";
		};
		57FB0A68237DFC6600403123 /* LaunchScreen.storyboard */ = {
			isa = PBXVariantGroup;
			children = (
				57FB0A69237DFC6600403123 /* Base */,
			);
			name = LaunchScreen.storyboard;
			sourceTree = "<group>";
		};
/* End PBXVariantGroup section */

/* Begin XCBuildConfiguration section */
		57FB0A82237DFC6600403123 /* Debug */ = {
			isa = XCBuildConfiguration;
			buildSettings = {
				ALWAYS_SEARCH_USER_PATHS = NO;
				CLANG_ANALYZER_NONNULL = YES;
				CLANG_ANALYZER_NUMBER_OBJECT_CONVERSION = YES_AGGRESSIVE;
				CLANG_CXX_LANGUAGE_STANDARD = "gnu++14";
				CLANG_CXX_LIBRARY = "libc++";
				CLANG_ENABLE_MODULES = YES;
				CLANG_ENABLE_OBJC_ARC = YES;
				CLANG_ENABLE_OBJC_WEAK = YES;
				CLANG_WARN_BLOCK_CAPTURE_AUTORELEASING = YES;
				CLANG_WARN_BOOL_CONVERSION = YES;
				CLANG_WARN_COMMA = YES;
				CLANG_WARN_CONSTANT_CONVERSION = YES;
				CLANG_WARN_DEPRECATED_OBJC_IMPLEMENTATIONS = YES;
				CLANG_WARN_DIRECT_OBJC_ISA_USAGE = YES_ERROR;
				CLANG_WARN_DOCUMENTATION_COMMENTS = YES;
				CLANG_WARN_EMPTY_BODY = YES;
				CLANG_WARN_ENUM_CONVERSION = YES;
				CLANG_WARN_INFINITE_RECURSION = YES;
				CLANG_WARN_INT_CONVERSION = YES;
				CLANG_WARN_NON_LITERAL_NULL_CONVERSION = YES;
				CLANG_WARN_OBJC_IMPLICIT_RETAIN_SELF = YES;
				CLANG_WARN_OBJC_LITERAL_CONVERSION = YES;
				CLANG_WARN_OBJC_ROOT_CLASS = YES_ERROR;
				CLANG_WARN_RANGE_LOOP_ANALYSIS = YES;
				CLANG_WARN_STRICT_PROTOTYPES = YES;
				CLANG_WARN_SUSPICIOUS_MOVE = YES;
				CLANG_WARN_UNGUARDED_AVAILABILITY = YES_AGGRESSIVE;
				CLANG_WARN_UNREACHABLE_CODE = YES;
				CLANG_WARN__DUPLICATE_METHOD_MATCH = YES;
				CODE_SIGN_IDENTITY = "iPhone Developer";
				COPY_PHASE_STRIP = NO;
				DEBUG_INFORMATION_FORMAT = dwarf;
				ENABLE_STRICT_OBJC_MSGSEND = YES;
				ENABLE_TESTABILITY = YES;
				GCC_C_LANGUAGE_STANDARD = gnu11;
				GCC_DYNAMIC_NO_PIC = NO;
				GCC_NO_COMMON_BLOCKS = YES;
				GCC_OPTIMIZATION_LEVEL = 0;
				GCC_PREPROCESSOR_DEFINITIONS = (
					"DEBUG=1",
					"$(inherited)",
				);
				GCC_WARN_64_TO_32_BIT_CONVERSION = YES;
				GCC_WARN_ABOUT_RETURN_TYPE = YES_ERROR;
				GCC_WARN_UNDECLARED_SELECTOR = YES;
				GCC_WARN_UNINITIALIZED_AUTOS = YES_AGGRESSIVE;
				GCC_WARN_UNUSED_FUNCTION = YES;
				GCC_WARN_UNUSED_VARIABLE = YES;
				IPHONEOS_DEPLOYMENT_TARGET = 12.4;
				MTL_ENABLE_DEBUG_INFO = INCLUDE_SOURCE;
				MTL_FAST_MATH = YES;
				ONLY_ACTIVE_ARCH = YES;
				SDKROOT = iphoneos;
				SWIFT_ACTIVE_COMPILATION_CONDITIONS = DEBUG;
				SWIFT_OPTIMIZATION_LEVEL = "-Onone";
			};
			name = Debug;
		};
		57FB0A83237DFC6600403123 /* Release */ = {
			isa = XCBuildConfiguration;
			buildSettings = {
				ALWAYS_SEARCH_USER_PATHS = NO;
				CLANG_ANALYZER_NONNULL = YES;
				CLANG_ANALYZER_NUMBER_OBJECT_CONVERSION = YES_AGGRESSIVE;
				CLANG_CXX_LANGUAGE_STANDARD = "gnu++14";
				CLANG_CXX_LIBRARY = "libc++";
				CLANG_ENABLE_MODULES = YES;
				CLANG_ENABLE_OBJC_ARC = YES;
				CLANG_ENABLE_OBJC_WEAK = YES;
				CLANG_WARN_BLOCK_CAPTURE_AUTORELEASING = YES;
				CLANG_WARN_BOOL_CONVERSION = YES;
				CLANG_WARN_COMMA = YES;
				CLANG_WARN_CONSTANT_CONVERSION = YES;
				CLANG_WARN_DEPRECATED_OBJC_IMPLEMENTATIONS = YES;
				CLANG_WARN_DIRECT_OBJC_ISA_USAGE = YES_ERROR;
				CLANG_WARN_DOCUMENTATION_COMMENTS = YES;
				CLANG_WARN_EMPTY_BODY = YES;
				CLANG_WARN_ENUM_CONVERSION = YES;
				CLANG_WARN_INFINITE_RECURSION = YES;
				CLANG_WARN_INT_CONVERSION = YES;
				CLANG_WARN_NON_LITERAL_NULL_CONVERSION = YES;
				CLANG_WARN_OBJC_IMPLICIT_RETAIN_SELF = YES;
				CLANG_WARN_OBJC_LITERAL_CONVERSION = YES;
				CLANG_WARN_OBJC_ROOT_CLASS = YES_ERROR;
				CLANG_WARN_RANGE_LOOP_ANALYSIS = YES;
				CLANG_WARN_STRICT_PROTOTYPES = YES;
				CLANG_WARN_SUSPICIOUS_MOVE = YES;
				CLANG_WARN_UNGUARDED_AVAILABILITY = YES_AGGRESSIVE;
				CLANG_WARN_UNREACHABLE_CODE = YES;
				CLANG_WARN__DUPLICATE_METHOD_MATCH = YES;
				CODE_SIGN_IDENTITY = "iPhone Developer";
				COPY_PHASE_STRIP = NO;
				DEBUG_INFORMATION_FORMAT = "dwarf-with-dsym";
				ENABLE_NS_ASSERTIONS = NO;
				ENABLE_STRICT_OBJC_MSGSEND = YES;
				GCC_C_LANGUAGE_STANDARD = gnu11;
				GCC_NO_COMMON_BLOCKS = YES;
				GCC_WARN_64_TO_32_BIT_CONVERSION = YES;
				GCC_WARN_ABOUT_RETURN_TYPE = YES_ERROR;
				GCC_WARN_UNDECLARED_SELECTOR = YES;
				GCC_WARN_UNINITIALIZED_AUTOS = YES_AGGRESSIVE;
				GCC_WARN_UNUSED_FUNCTION = YES;
				GCC_WARN_UNUSED_VARIABLE = YES;
				IPHONEOS_DEPLOYMENT_TARGET = 12.4;
				MTL_ENABLE_DEBUG_INFO = NO;
				MTL_FAST_MATH = YES;
				SDKROOT = iphoneos;
				SWIFT_COMPILATION_MODE = wholemodule;
				SWIFT_OPTIMIZATION_LEVEL = "-O";
				VALIDATE_PRODUCT = YES;
			};
			name = Release;
		};
		57FB0A85237DFC6600403123 /* Debug */ = {
			isa = XCBuildConfiguration;
			buildSettings = {
				ASSETCATALOG_COMPILER_APPICON_NAME = AppIcon;
				CODE_SIGN_STYLE = Automatic;
				INFOPLIST_FILE = ApplePie/Info.plist;
				LD_RUNPATH_SEARCH_PATHS = (
					"$(inherited)",
					"@executable_path/Frameworks",
				);
				PRODUCT_BUNDLE_IDENTIFIER = junchen.ApplePie;
				PRODUCT_NAME = "$(TARGET_NAME)";
				SWIFT_VERSION = 5.0;
				TARGETED_DEVICE_FAMILY = "1,2";
			};
			name = Debug;
		};
		57FB0A86237DFC6600403123 /* Release */ = {
			isa = XCBuildConfiguration;
			buildSettings = {
				ASSETCATALOG_COMPILER_APPICON_NAME = AppIcon;
				CODE_SIGN_STYLE = Automatic;
				INFOPLIST_FILE = ApplePie/Info.plist;
				LD_RUNPATH_SEARCH_PATHS = (
					"$(inherited)",
					"@executable_path/Frameworks",
				);
				PRODUCT_BUNDLE_IDENTIFIER = junchen.ApplePie;
				PRODUCT_NAME = "$(TARGET_NAME)";
				SWIFT_VERSION = 5.0;
				TARGETED_DEVICE_FAMILY = "1,2";
			};
			name = Release;
		};
		57FB0A88237DFC6600403123 /* Debug */ = {
			isa = XCBuildConfiguration;
			buildSettings = {
				ALWAYS_EMBED_SWIFT_STANDARD_LIBRARIES = YES;
				BUNDLE_LOADER = "$(TEST_HOST)";
				CODE_SIGN_STYLE = Automatic;
				INFOPLIST_FILE = ApplePieTests/Info.plist;
				LD_RUNPATH_SEARCH_PATHS = (
					"$(inherited)",
					"@executable_path/Frameworks",
					"@loader_path/Frameworks",
				);
				PRODUCT_BUNDLE_IDENTIFIER = junchen.ApplePieTests;
				PRODUCT_NAME = "$(TARGET_NAME)";
				SWIFT_VERSION = 5.0;
				TARGETED_DEVICE_FAMILY = "1,2";
				TEST_HOST = "$(BUILT_PRODUCTS_DIR)/ApplePie.app/ApplePie";
			};
			name = Debug;
		};
		57FB0A89237DFC6600403123 /* Release */ = {
			isa = XCBuildConfiguration;
			buildSettings = {
				ALWAYS_EMBED_SWIFT_STANDARD_LIBRARIES = YES;
				BUNDLE_LOADER = "$(TEST_HOST)";
				CODE_SIGN_STYLE = Automatic;
				INFOPLIST_FILE = ApplePieTests/Info.plist;
				LD_RUNPATH_SEARCH_PATHS = (
					"$(inherited)",
					"@executable_path/Frameworks",
					"@loader_path/Frameworks",
				);
				PRODUCT_BUNDLE_IDENTIFIER = junchen.ApplePieTests;
				PRODUCT_NAME = "$(TARGET_NAME)";
				SWIFT_VERSION = 5.0;
				TARGETED_DEVICE_FAMILY = "1,2";
				TEST_HOST = "$(BUILT_PRODUCTS_DIR)/ApplePie.app/ApplePie";
			};
			name = Release;
		};
		57FB0A8B237DFC6600403123 /* Debug */ = {
			isa = XCBuildConfiguration;
			buildSettings = {
				ALWAYS_EMBED_SWIFT_STANDARD_LIBRARIES = YES;
				CODE_SIGN_STYLE = Automatic;
				INFOPLIST_FILE = ApplePieUITests/Info.plist;
				LD_RUNPATH_SEARCH_PATHS = (
					"$(inherited)",
					"@executable_path/Frameworks",
					"@loader_path/Frameworks",
				);
				PRODUCT_BUNDLE_IDENTIFIER = junchen.ApplePieUITests;
				PRODUCT_NAME = "$(TARGET_NAME)";
				SWIFT_VERSION = 5.0;
				TARGETED_DEVICE_FAMILY = "1,2";
				TEST_TARGET_NAME = ApplePie;
			};
			name = Debug;
		};
		57FB0A8C237DFC6600403123 /* Release */ = {
			isa = XCBuildConfiguration;
			buildSettings = {
				ALWAYS_EMBED_SWIFT_STANDARD_LIBRARIES = YES;
				CODE_SIGN_STYLE = Automatic;
				INFOPLIST_FILE = ApplePieUITests/Info.plist;
				LD_RUNPATH_SEARCH_PATHS = (
					"$(inherited)",
					"@executable_path/Frameworks",
					"@loader_path/Frameworks",
				);
				PRODUCT_BUNDLE_IDENTIFIER = junchen.ApplePieUITests;
				PRODUCT_NAME = "$(TARGET_NAME)";
				SWIFT_VERSION = 5.0;
				TARGETED_DEVICE_FAMILY = "1,2";
				TEST_TARGET_NAME = ApplePie;
			};
			name = Release;
		};
/* End XCBuildConfiguration section */

/* Begin XCConfigurationList section */
		57FB0A57237DFC6500403123 /* Build configuration list for PBXProject "ApplePie" */ = {
			isa = XCConfigurationList;
			buildConfigurations = (
				57FB0A82237DFC6600403123 /* Debug */,
				57FB0A83237DFC6600403123 /* Release */,
			);
			defaultConfigurationIsVisible = 0;
			defaultConfigurationName = Release;
		};
		57FB0A84237DFC6600403123 /* Build configuration list for PBXNativeTarget "ApplePie" */ = {
			isa = XCConfigurationList;
			buildConfigurations = (
				57FB0A85237DFC6600403123 /* Debug */,
				57FB0A86237DFC6600403123 /* Release */,
			);
			defaultConfigurationIsVisible = 0;
			defaultConfigurationName = Release;
		};
		57FB0A87237DFC6600403123 /* Build configuration list for PBXNativeTarget "ApplePieTests" */ = {
			isa = XCConfigurationList;
			buildConfigurations = (
				57FB0A88237DFC6600403123 /* Debug */,
				57FB0A89237DFC6600403123 /* Release */,
			);
			defaultConfigurationIsVisible = 0;
			defaultConfigurationName = Release;
		};
		57FB0A8A237DFC6600403123 /* Build configuration list for PBXNativeTarget "ApplePieUITests" */ = {
			isa = XCConfigurationList;
			buildConfigurations = (
				57FB0A8B237DFC6600403123 /* Debug */,
				57FB0A8C237DFC6600403123 /* Release */,
			);
			defaultConfigurationIsVisible = 0;
			defaultConfigurationName = Release;
		};
/* End XCConfigurationList section */
	};
	rootObject = 57FB0A54237DFC6500403123 /* Project object */;
}
